
Microsoft Visual Studio Solution File, Format Version 12.00
# Visual Studio Version 17
VisualStudioVersion = 17.13.35825.156 d17.13
MinimumVisualStudioVersion = 10.0.40219.1
Project("{FAE04EC0-301F-11D3-BF4B-00C04F79EFBC}") = "QLCHBanAo", "QLCHBanAo\QLCHBanAo.csproj", "{FDD842D2-BDDB-4B99-B06B-59656CA2BAC6}"
EndProject
Global
	GlobalSection(SolutionConfigurationPlatforms) = preSolution
		Debug|Any CPU = Debug|Any CPU
		Release|Any CPU = Release|Any CPU
	EndGlobalSection
	GlobalSection(ProjectConfigurationPlatforms) = postSolution
		{FDD842D2-BDDB-4B99-B06B-59656CA2BAC6}.Debug|Any CPU.ActiveCfg = Debug|Any CPU
		{FDD842D2-BDDB-4B99-B06B-59656CA2BAC6}.Debug|Any CPU.Build.0 = Debug|Any CPU
		{FDD842D2-BDDB-4B99-B06B-59656CA2BAC6}.Release|Any CPU.ActiveCfg = Release|Any CPU
		{FDD842D2-BDDB-4B99-B06B-59656CA2BAC6}.Release|Any CPU.Build.0 = Release|Any CPU
	EndGlobalSection
	GlobalSection(SolutionProperties) = preSolution
		HideSolutionNode = FALSE
	EndGlobalSection
	GlobalSection(ExtensibilityGlobals) = postSolution
		SolutionGuid = {A0FF393C-42D2-4763-8A3F-68E2C868D9C5}
	EndGlobalSection
EndGlobal
